
Microsoft Visual Studio Solution File, Format Version 12.00
# Visual Studio 14
VisualStudioVersion = 14.0.25420.1
MinimumVisualStudioVersion = 10.0.40219.1
Project("{FAE04EC0-301F-11D3-BF4B-00C04F79EFBC}") = "FILE_MANAGER", "FILE_MANAGER\FILE_MANAGER.csproj", "{C388DB30-8994-4B03-B613-7CF251AD298E}"
EndProject
Global
	GlobalSection(SolutionConfigurationPlatforms) = preSolution
		Debug|Any CPU = Debug|Any CPU
		Release|Any CPU = Release|Any CPU
	EndGlobalSection
	GlobalSection(ProjectConfigurationPlatforms) = postSolution
		{C388DB30-8994-4B03-B613-7CF251AD298E}.Debug|Any CPU.ActiveCfg = Debug|Any CPU
		{C388DB30-8994-4B03-B613-7CF251AD298E}.Debug|Any CPU.Build.0 = Debug|Any CPU
		{C388DB30-8994-4B03-B613-7CF251AD298E}.Release|Any CPU.ActiveCfg = Release|Any CPU
		{C388DB30-8994-4B03-B613-7CF251AD298E}.Release|Any CPU.Build.0 = Release|Any CPU
	EndGlobalSection
	GlobalSection(SolutionProperties) = preSolution
		HideSolutionNode = FALSE
	EndGlobalSection
EndGlobal
